
Microsoft Visual Studio Solution File, Format Version 12.00
# Visual Studio Version 16
VisualStudioVersion = 16.0.29709.97
MinimumVisualStudioVersion = 10.0.40219.1
Project("{FAE04EC0-301F-11D3-BF4B-00C04F79EFBC}") = "Colonize.Website", "Colonize.Website\Colonize.Website.csproj", "{7CEF7297-EB0D-42F9-A529-9D5FB7D523F2}"
EndProject
Global
	GlobalSection(SolutionConfigurationPlatforms) = preSolution
		Debug|Any CPU = Debug|Any CPU
		Release|Any CPU = Release|Any CPU
	EndGlobalSection
	GlobalSection(ProjectConfigurationPlatforms) = postSolution
		{7CEF7297-EB0D-42F9-A529-9D5FB7D523F2}.Debug|Any CPU.ActiveCfg = Debug|Any CPU
		{7CEF7297-EB0D-42F9-A529-9D5FB7D523F2}.Debug|Any CPU.Build.0 = Debug|Any CPU
		{7CEF7297-EB0D-42F9-A529-9D5FB7D523F2}.Release|Any CPU.ActiveCfg = Release|Any CPU
		{7CEF7297-EB0D-42F9-A529-9D5FB7D523F2}.Release|Any CPU.Build.0 = Release|Any CPU
	EndGlobalSection
	GlobalSection(SolutionProperties) = preSolution
		HideSolutionNode = FALSE
	EndGlobalSection
	GlobalSection(ExtensibilityGlobals) = postSolution
		SolutionGuid = {1CA52C29-7477-4F03-A7D1-EDE36D3CBE45}
	EndGlobalSection
EndGlobal
